
Microsoft Visual Studio Solution File, Format Version 12.00
# Visual Studio 2015
Project("{FAE04EC0-301F-11D3-BF4B-00C04F79EFBC}") = "knockout football.CSharp", "knockout football.CSharp.csproj", "{EF0A47B3-5E23-134C-EDF2-17338A50A118}"
EndProject
Global
	GlobalSection(SolutionConfigurationPlatforms) = preSolution
		Debug|Any CPU = Debug|Any CPU
		Release|Any CPU = Release|Any CPU
	EndGlobalSection
	GlobalSection(ProjectConfigurationPlatforms) = postSolution
		{EF0A47B3-5E23-134C-EDF2-17338A50A118}.Debug|Any CPU.ActiveCfg = Debug|Any CPU
		{EF0A47B3-5E23-134C-EDF2-17338A50A118}.Debug|Any CPU.Build.0 = Debug|Any CPU
		{EF0A47B3-5E23-134C-EDF2-17338A50A118}.Release|Any CPU.ActiveCfg = Release|Any CPU
		{EF0A47B3-5E23-134C-EDF2-17338A50A118}.Release|Any CPU.Build.0 = Release|Any CPU
	EndGlobalSection
	GlobalSection(SolutionProperties) = preSolution
		HideSolutionNode = FALSE
	EndGlobalSection
EndGlobal
